
Microsoft Visual Studio Solution File, Format Version 12.00
# Visual Studio Version 16
VisualStudioVersion = 16.0.32510.428
MinimumVisualStudioVersion = 10.0.40219.1
Project("{FAE04EC0-301F-11D3-BF4B-00C04F79EFBC}") = "MyWeb", "MyWeb.csproj", "{523EA810-5414-4400-A966-14E794DA3FF1}"
EndProject
Project("{FAE04EC0-301F-11D3-BF4B-00C04F79EFBC}") = "DAL", "..\DAL\DAL.csproj", "{22BC945D-D996-4239-AF9E-6671C025012B}"
EndProject
Global
	GlobalSection(SolutionConfigurationPlatforms) = preSolution
		Debug|Any CPU = Debug|Any CPU
		Release|Any CPU = Release|Any CPU
	EndGlobalSection
	GlobalSection(ProjectConfigurationPlatforms) = postSolution
		{523EA810-5414-4400-A966-14E794DA3FF1}.Debug|Any CPU.ActiveCfg = Debug|Any CPU
		{523EA810-5414-4400-A966-14E794DA3FF1}.Debug|Any CPU.Build.0 = Debug|Any CPU
		{523EA810-5414-4400-A966-14E794DA3FF1}.Release|Any CPU.ActiveCfg = Release|Any CPU
		{523EA810-5414-4400-A966-14E794DA3FF1}.Release|Any CPU.Build.0 = Release|Any CPU
		{22BC945D-D996-4239-AF9E-6671C025012B}.Debug|Any CPU.ActiveCfg = Debug|Any CPU
		{22BC945D-D996-4239-AF9E-6671C025012B}.Debug|Any CPU.Build.0 = Debug|Any CPU
		{22BC945D-D996-4239-AF9E-6671C025012B}.Release|Any CPU.ActiveCfg = Release|Any CPU
		{22BC945D-D996-4239-AF9E-6671C025012B}.Release|Any CPU.Build.0 = Release|Any CPU
	EndGlobalSection
	GlobalSection(SolutionProperties) = preSolution
		HideSolutionNode = FALSE
	EndGlobalSection
	GlobalSection(ExtensibilityGlobals) = postSolution
		SolutionGuid = {FBA52B8F-6A5A-498F-ABC1-3983EB7F4D19}
	EndGlobalSection
EndGlobal
