
Microsoft Visual Studio Solution File, Format Version 12.00
# Visual Studio Version 16
VisualStudioVersion = 16.0.32510.428
MinimumVisualStudioVersion = 10.0.40219.1
Project("{FAE04EC0-301F-11D3-BF4B-00C04F79EFBC}") = "Rokto", "Rokto\Rokto.csproj", "{6A910568-21C9-4CF9-A1A0-60E1B12C5809}"
EndProject
Global
	GlobalSection(SolutionConfigurationPlatforms) = preSolution
		Debug|Any CPU = Debug|Any CPU
		Release|Any CPU = Release|Any CPU
	EndGlobalSection
	GlobalSection(ProjectConfigurationPlatforms) = postSolution
		{6A910568-21C9-4CF9-A1A0-60E1B12C5809}.Debug|Any CPU.ActiveCfg = Debug|Any CPU
		{6A910568-21C9-4CF9-A1A0-60E1B12C5809}.Debug|Any CPU.Build.0 = Debug|Any CPU
		{6A910568-21C9-4CF9-A1A0-60E1B12C5809}.Release|Any CPU.ActiveCfg = Release|Any CPU
		{6A910568-21C9-4CF9-A1A0-60E1B12C5809}.Release|Any CPU.Build.0 = Release|Any CPU
	EndGlobalSection
	GlobalSection(SolutionProperties) = preSolution
		HideSolutionNode = FALSE
	EndGlobalSection
	GlobalSection(ExtensibilityGlobals) = postSolution
		SolutionGuid = {FB83CA42-A788-4C84-BD54-5FCAD69C0C8F}
	EndGlobalSection
EndGlobal
